// !$*UTF8*$!
{
	archiveVersion = 1;
	classes = {
	};
	objectVersion = 56;
	objects = {

/* Begin PBXBuildFile section */
		9A5EFDD22913B9D7003E7F6D /* CoreLocation.framework in Frameworks */ = {isa = PBXBuildFile; fileRef = 9A5EFDD12913B9D7003E7F6D /* CoreLocation.framework */; };
		9A5EFDD42913BAEB003E7F6D /* MapKit.framework in Frameworks */ = {isa = PBXBuildFile; fileRef = 9A5EFDD32913BAEB003E7F6D /* MapKit.framework */; };
		9A5EFDD62913C83D003E7F6D /* CoreMotion.framework in Frameworks */ = {isa = PBXBuildFile; fileRef = 9A5EFDD52913C83D003E7F6D /* CoreMotion.framework */; };
		9AEDC0992912E4480096E1AF /* AppDelegate.swift in Sources */ = {isa = PBXBuildFile; fileRef = 9AEDC0982912E4480096E1AF /* AppDelegate.swift */; };
		9AEDC09B2912E4480096E1AF /* art.scnassets in Resources */ = {isa = PBXBuildFile; fileRef = 9AEDC09A2912E4480096E1AF /* art.scnassets */; };
		9AEDC09D2912E4480096E1AF /* ViewController.swift in Sources */ = {isa = PBXBuildFile; fileRef = 9AEDC09C2912E4480096E1AF /* ViewController.swift */; };
		9AEDC0A02912E4480096E1AF /* Main.storyboard in Resources */ = {isa = PBXBuildFile; fileRef = 9AEDC09E2912E4480096E1AF /* Main.storyboard */; };
		9AEDC0A22912E44A0096E1AF /* Assets.xcassets in Resources */ = {isa = PBXBuildFile; fileRef = 9AEDC0A12912E44A0096E1AF /* Assets.xcassets */; };
		9AEDC0A52912E44A0096E1AF /* LaunchScreen.storyboard in Resources */ = {isa = PBXBuildFile; fileRef = 9AEDC0A32912E44A0096E1AF /* LaunchScreen.storyboard */; };
		9AEDC0AF2912E44A0096E1AF /* app_demoTests.swift in Sources */ = {isa = PBXBuildFile; fileRef = 9AEDC0AE2912E44A0096E1AF /* app_demoTests.swift */; };
		9AEDC0B92912E44A0096E1AF /* app_demoUITests.swift in Sources */ = {isa = PBXBuildFile; fileRef = 9AEDC0B82912E44A0096E1AF /* app_demoUITests.swift */; };
		9AEDC0BB2912E44A0096E1AF /* app_demoUITestsLaunchTests.swift in Sources */ = {isa = PBXBuildFile; fileRef = 9AEDC0BA2912E44A0096E1AF /* app_demoUITestsLaunchTests.swift */; };
/* End PBXBuildFile section */

/* Begin PBXContainerItemProxy section */
		9AEDC0AB2912E44A0096E1AF /* PBXContainerItemProxy */ = {
			isa = PBXContainerItemProxy;
			containerPortal = 9AEDC08D2912E4480096E1AF /* Project object */;
			proxyType = 1;
			remoteGlobalIDString = 9AEDC0942912E4480096E1AF;
			remoteInfo = "app-demo";
		};
		9AEDC0B52912E44A0096E1AF /* PBXContainerItemProxy */ = {
			isa = PBXContainerItemProxy;
			containerPortal = 9AEDC08D2912E4480096E1AF /* Project object */;
			proxyType = 1;
			remoteGlobalIDString = 9AEDC0942912E4480096E1AF;
			remoteInfo = "app-demo";
		};
/* End PBXContainerItemProxy section */

/* Begin PBXFileReference section */
		85E0AA94BED27283C9F5DEF0 /* Pods-app-demo.release.xcconfig */ = {isa = PBXFileReference; includeInIndex = 1; lastKnownFileType = text.xcconfig; name = "Pods-app-demo.release.xcconfig"; path = "Target Support Files/Pods-app-demo/Pods-app-demo.release.xcconfig"; sourceTree = "<group>"; };
		9A5EFDD12913B9D7003E7F6D /* CoreLocation.framework */ = {isa = PBXFileReference; lastKnownFileType = wrapper.framework; name = CoreLocation.framework; path = System/Library/Frameworks/CoreLocation.framework; sourceTree = SDKROOT; };
		9A5EFDD32913BAEB003E7F6D /* MapKit.framework */ = {isa = PBXFileReference; lastKnownFileType = wrapper.framework; name = MapKit.framework; path = System/Library/Frameworks/MapKit.framework; sourceTree = SDKROOT; };
		9A5EFDD52913C83D003E7F6D /* CoreMotion.framework */ = {isa = PBXFileReference; lastKnownFileType = wrapper.framework; name = CoreMotion.framework; path = System/Library/Frameworks/CoreMotion.framework; sourceTree = SDKROOT; };
		9AEDC0952912E4480096E1AF /* Elevation-demo.app */ = {isa = PBXFileReference; explicitFileType = wrapper.application; includeInIndex = 0; path = "Elevation-demo.app"; sourceTree = BUILT_PRODUCTS_DIR; };
		9AEDC0982912E4480096E1AF /* AppDelegate.swift */ = {isa = PBXFileReference; lastKnownFileType = sourcecode.swift; path = AppDelegate.swift; sourceTree = "<group>"; };
		9AEDC09A2912E4480096E1AF /* art.scnassets */ = {isa = PBXFileReference; lastKnownFileType = wrapper.scnassets; path = art.scnassets; sourceTree = "<group>"; };
		9AEDC09C2912E4480096E1AF /* ViewController.swift */ = {isa = PBXFileReference; lastKnownFileType = sourcecode.swift; path = ViewController.swift; sourceTree = "<group>"; };
		9AEDC09F2912E4480096E1AF /* Base */ = {isa = PBXFileReference; lastKnownFileType = file.storyboard; name = Base; path = Base.lproj/Main.storyboard; sourceTree = "<group>"; };
		9AEDC0A12912E44A0096E1AF /* Assets.xcassets */ = {isa = PBXFileReference; lastKnownFileType = folder.assetcatalog; path = Assets.xcassets; sourceTree = "<group>"; };
		9AEDC0A42912E44A0096E1AF /* Base */ = {isa = PBXFileReference; lastKnownFileType = file.storyboard; name = Base; path = Base.lproj/LaunchScreen.storyboard; sourceTree = "<group>"; };
		9AEDC0AA2912E44A0096E1AF /* Elevation-demoTests.xctest */ = {isa = PBXFileReference; explicitFileType = wrapper.cfbundle; includeInIndex = 0; path = "Elevation-demoTests.xctest"; sourceTree = BUILT_PRODUCTS_DIR; };
		9AEDC0AE2912E44A0096E1AF /* app_demoTests.swift */ = {isa = PBXFileReference; lastKnownFileType = sourcecode.swift; path = app_demoTests.swift; sourceTree = "<group>"; };
		9AEDC0B42912E44A0096E1AF /* Elevation-demoUITests.xctest */ = {isa = PBXFileReference; explicitFileType = wrapper.cfbundle; includeInIndex = 0; path = "Elevation-demoUITests.xctest"; sourceTree = BUILT_PRODUCTS_DIR; };
		9AEDC0B82912E44A0096E1AF /* app_demoUITests.swift */ = {isa = PBXFileReference; lastKnownFileType = sourcecode.swift; path = app_demoUITests.swift; sourceTree = "<group>"; };
		9AEDC0BA2912E44A0096E1AF /* app_demoUITestsLaunchTests.swift */ = {isa = PBXFileReference; lastKnownFileType = sourcecode.swift; path = app_demoUITestsLaunchTests.swift; sourceTree = "<group>"; };
		9AEDC0C72912E5960096E1AF /* README.md */ = {isa = PBXFileReference; lastKnownFileType = net.daringfireball.markdown; path = README.md; sourceTree = "<group>"; };
		9B34D10985A8E1C8A550376A /* Pods_app_demo.framework */ = {isa = PBXFileReference; explicitFileType = wrapper.framework; includeInIndex = 0; path = Pods_app_demo.framework; sourceTree = BUILT_PRODUCTS_DIR; };
		9BB3D3D99262393894C1CC6C /* Pods-app-demo.debug.xcconfig */ = {isa = PBXFileReference; includeInIndex = 1; lastKnownFileType = text.xcconfig; name = "Pods-app-demo.debug.xcconfig"; path = "Target Support Files/Pods-app-demo/Pods-app-demo.debug.xcconfig"; sourceTree = "<group>"; };
/* End PBXFileReference section */

/* Begin PBXFrameworksBuildPhase section */
		9AEDC0922912E4480096E1AF /* Frameworks */ = {
			isa = PBXFrameworksBuildPhase;
			buildActionMask = 2147483647;
			files = (
				9A5EFDD62913C83D003E7F6D /* CoreMotion.framework in Frameworks */,
				9A5EFDD42913BAEB003E7F6D /* MapKit.framework in Frameworks */,
				9A5EFDD22913B9D7003E7F6D /* CoreLocation.framework in Frameworks */,
			);
			runOnlyForDeploymentPostprocessing = 0;
		};
		9AEDC0A72912E44A0096E1AF /* Frameworks */ = {
			isa = PBXFrameworksBuildPhase;
			buildActionMask = 2147483647;
			files = (
			);
			runOnlyForDeploymentPostprocessing = 0;
		};
		9AEDC0B12912E44A0096E1AF /* Frameworks */ = {
			isa = PBXFrameworksBuildPhase;
			buildActionMask = 2147483647;
			files = (
			);
			runOnlyForDeploymentPostprocessing = 0;
		};
/* End PBXFrameworksBuildPhase section */

/* Begin PBXGroup section */
		9A5EFDCD2913B3E1003E7F6D /* Frameworks */ = {
			isa = PBXGroup;
			children = (
				9A5EFDD52913C83D003E7F6D /* CoreMotion.framework */,
				9A5EFDD32913BAEB003E7F6D /* MapKit.framework */,
				9A5EFDD12913B9D7003E7F6D /* CoreLocation.framework */,
				9B34D10985A8E1C8A550376A /* Pods_app_demo.framework */,
			);
			name = Frameworks;
			sourceTree = "<group>";
		};
		9AEDC08C2912E4480096E1AF = {
			isa = PBXGroup;
			children = (
				9AEDC0C72912E5960096E1AF /* README.md */,
				9AEDC0972912E4480096E1AF /* app-demo */,
				9AEDC0AD2912E44A0096E1AF /* app-demoTests */,
				9AEDC0B72912E44A0096E1AF /* app-demoUITests */,
				9AEDC0962912E4480096E1AF /* Products */,
				9A5EFDCD2913B3E1003E7F6D /* Frameworks */,
				F0E26B2D01F62CF0C208132A /* Pods */,
			);
			sourceTree = "<group>";
		};
		9AEDC0962912E4480096E1AF /* Products */ = {
			isa = PBXGroup;
			children = (
				9AEDC0952912E4480096E1AF /* Elevation-demo.app */,
				9AEDC0AA2912E44A0096E1AF /* Elevation-demoTests.xctest */,
				9AEDC0B42912E44A0096E1AF /* Elevation-demoUITests.xctest */,
			);
			name = Products;
			sourceTree = "<group>";
		};
		9AEDC0972912E4480096E1AF /* app-demo */ = {
			isa = PBXGroup;
			children = (
				9AEDC0982912E4480096E1AF /* AppDelegate.swift */,
				9AEDC09A2912E4480096E1AF /* art.scnassets */,
				9AEDC09C2912E4480096E1AF /* ViewController.swift */,
				9AEDC09E2912E4480096E1AF /* Main.storyboard */,
				9AEDC0A12912E44A0096E1AF /* Assets.xcassets */,
				9AEDC0A32912E44A0096E1AF /* LaunchScreen.storyboard */,
			);
			path = "app-demo";
			sourceTree = "<group>";
		};
		9AEDC0AD2912E44A0096E1AF /* app-demoTests */ = {
			isa = PBXGroup;
			children = (
				9AEDC0AE2912E44A0096E1AF /* app_demoTests.swift */,
			);
			path = "app-demoTests";
			sourceTree = "<group>";
		};
		9AEDC0B72912E44A0096E1AF /* app-demoUITests */ = {
			isa = PBXGroup;
			children = (
				9AEDC0B82912E44A0096E1AF /* app_demoUITests.swift */,
				9AEDC0BA2912E44A0096E1AF /* app_demoUITestsLaunchTests.swift */,
			);
			path = "app-demoUITests";
			sourceTree = "<group>";
		};
		F0E26B2D01F62CF0C208132A /* Pods */ = {
			isa = PBXGroup;
			children = (
				9BB3D3D99262393894C1CC6C /* Pods-app-demo.debug.xcconfig */,
				85E0AA94BED27283C9F5DEF0 /* Pods-app-demo.release.xcconfig */,
			);
			path = Pods;
			sourceTree = "<group>";
		};
/* End PBXGroup section */

/* Begin PBXNativeTarget section */
		9AEDC0942912E4480096E1AF /* Elevation-demo */ = {
			isa = PBXNativeTarget;
			buildConfigurationList = 9AEDC0BE2912E44A0096E1AF /* Build configuration list for PBXNativeTarget "Elevation-demo" */;
			buildPhases = (
				34477772AEE14D86137F8F47 /* [CP] Check Pods Manifest.lock */,
				9AEDC0912912E4480096E1AF /* Sources */,
				9AEDC0922912E4480096E1AF /* Frameworks */,
				9AEDC0932912E4480096E1AF /* Resources */,
			);
			buildRules = (
			);
			dependencies = (
			);
			name = "Elevation-demo";
			productName = "app-demo";
			productReference = 9AEDC0952912E4480096E1AF /* Elevation-demo.app */;
			productType = "com.apple.product-type.application";
		};
		9AEDC0A92912E44A0096E1AF /* Elevation-demoTests */ = {
			isa = PBXNativeTarget;
			buildConfigurationList = 9AEDC0C12912E44A0096E1AF /* Build configuration list for PBXNativeTarget "Elevation-demoTests" */;
			buildPhases = (
				9AEDC0A62912E44A0096E1AF /* Sources */,
				9AEDC0A72912E44A0096E1AF /* Frameworks */,
				9AEDC0A82912E44A0096E1AF /* Resources */,
			);
			buildRules = (
			);
			dependencies = (
				9AEDC0AC2912E44A0096E1AF /* PBXTargetDependency */,
			);
			name = "Elevation-demoTests";
			productName = "app-demoTests";
			productReference = 9AEDC0AA2912E44A0096E1AF /* Elevation-demoTests.xctest */;
			productType = "com.apple.product-type.bundle.unit-test";
		};
		9AEDC0B32912E44A0096E1AF /* Elevation-demoUITests */ = {
			isa = PBXNativeTarget;
			buildConfigurationList = 9AEDC0C42912E44A0096E1AF /* Build configuration list for PBXNativeTarget "Elevation-demoUITests" */;
			buildPhases = (
				9AEDC0B02912E44A0096E1AF /* Sources */,
				9AEDC0B12912E44A0096E1AF /* Frameworks */,
				9AEDC0B22912E44A0096E1AF /* Resources */,
			);
			buildRules = (
			);
			dependencies = (
				9AEDC0B62912E44A0096E1AF /* PBXTargetDependency */,
			);
			name = "Elevation-demoUITests";
			productName = "app-demoUITests";
			productReference = 9AEDC0B42912E44A0096E1AF /* Elevation-demoUITests.xctest */;
			productType = "com.apple.product-type.bundle.ui-testing";
		};
/* End PBXNativeTarget section */

/* Begin PBXProject section */
		9AEDC08D2912E4480096E1AF /* Project object */ = {
			isa = PBXProject;
			attributes = {
				BuildIndependentTargetsInParallel = 1;
				LastSwiftUpdateCheck = 1400;
				LastUpgradeCheck = 1400;
				TargetAttributes = {
					9AEDC0942912E4480096E1AF = {
						CreatedOnToolsVersion = 14.0.1;
					};
					9AEDC0A92912E44A0096E1AF = {
						CreatedOnToolsVersion = 14.0.1;
						TestTargetID = 9AEDC0942912E4480096E1AF;
					};
					9AEDC0B32912E44A0096E1AF = {
						CreatedOnToolsVersion = 14.0.1;
						TestTargetID = 9AEDC0942912E4480096E1AF;
					};
				};
			};
			buildConfigurationList = 9AEDC0902912E4480096E1AF /* Build configuration list for PBXProject "Elevation-demo" */;
			compatibilityVersion = "Xcode 14.0";
			developmentRegion = en;
			hasScannedForEncodings = 0;
			knownRegions = (
				en,
				Base,
			);
			mainGroup = 9AEDC08C2912E4480096E1AF;
			productRefGroup = 9AEDC0962912E4480096E1AF /* Products */;
			projectDirPath = "";
			projectRoot = "";
			targets = (
				9AEDC0942912E4480096E1AF /* Elevation-demo */,
				9AEDC0A92912E44A0096E1AF /* Elevation-demoTests */,
				9AEDC0B32912E44A0096E1AF /* Elevation-demoUITests */,
			);
		};
/* End PBXProject section */

/* Begin PBXResourcesBuildPhase section */
		9AEDC0932912E4480096E1AF /* Resources */ = {
			isa = PBXResourcesBuildPhase;
			buildActionMask = 2147483647;
			files = (
				9AEDC09B2912E4480096E1AF /* art.scnassets in Resources */,
				9AEDC0A52912E44A0096E1AF /* LaunchScreen.storyboard in Resources */,
				9AEDC0A22912E44A0096E1AF /* Assets.xcassets in Resources */,
				9AEDC0A02912E4480096E1AF /* Main.storyboard in Resources */,
			);
			runOnlyForDeploymentPostprocessing = 0;
		};
		9AEDC0A82912E44A0096E1AF /* Resources */ = {
			isa = PBXResourcesBuildPhase;
			buildActionMask = 2147483647;
			files = (
			);
			runOnlyForDeploymentPostprocessing = 0;
		};
		9AEDC0B22912E44A0096E1AF /* Resources */ = {
			isa = PBXResourcesBuildPhase;
			buildActionMask = 2147483647;
			files = (
			);
			runOnlyForDeploymentPostprocessing = 0;
		};
/* End PBXResourcesBuildPhase section */

/* Begin PBXShellScriptBuildPhase section */
		34477772AEE14D86137F8F47 /* [CP] Check Pods Manifest.lock */ = {
			isa = PBXShellScriptBuildPhase;
			buildActionMask = 2147483647;
			files = (
			);
			inputFileListPaths = (
			);
			inputPaths = (
				"${PODS_PODFILE_DIR_PATH}/Podfile.lock",
				"${PODS_ROOT}/Manifest.lock",
			);
			name = "[CP] Check Pods Manifest.lock";
			outputFileListPaths = (
			);
			outputPaths = (
				"$(DERIVED_FILE_DIR)/Pods-app-demo-checkManifestLockResult.txt",
			);
			runOnlyForDeploymentPostprocessing = 0;
			shellPath = /bin/sh;
			shellScript = "diff \"${PODS_PODFILE_DIR_PATH}/Podfile.lock\" \"${PODS_ROOT}/Manifest.lock\" > /dev/null\nif [ $? != 0 ] ; then\n    # print error to STDERR\n    echo \"error: The sandbox is not in sync with the Podfile.lock. Run 'pod install' or update your CocoaPods installation.\" >&2\n    exit 1\nfi\n# This output is used by Xcode 'outputs' to avoid re-running this script phase.\necho \"SUCCESS\" > \"${SCRIPT_OUTPUT_FILE_0}\"\n";
			showEnvVarsInLog = 0;
		};
/* End PBXShellScriptBuildPhase section */

/* Begin PBXSourcesBuildPhase section */
		9AEDC0912912E4480096E1AF /* Sources */ = {
			isa = PBXSourcesBuildPhase;
			buildActionMask = 2147483647;
			files = (
				9AEDC09D2912E4480096E1AF /* ViewController.swift in Sources */,
				9AEDC0992912E4480096E1AF /* AppDelegate.swift in Sources */,
			);
			runOnlyForDeploymentPostprocessing = 0;
		};
		9AEDC0A62912E44A0096E1AF /* Sources */ = {
			isa = PBXSourcesBuildPhase;
			buildActionMask = 2147483647;
			files = (
				9AEDC0AF2912E44A0096E1AF /* app_demoTests.swift in Sources */,
			);
			runOnlyForDeploymentPostprocessing = 0;
		};
		9AEDC0B02912E44A0096E1AF /* Sources */ = {
			isa = PBXSourcesBuildPhase;
			buildActionMask = 2147483647;
			files = (
				9AEDC0BB2912E44A0096E1AF /* app_demoUITestsLaunchTests.swift in Sources */,
				9AEDC0B92912E44A0096E1AF /* app_demoUITests.swift in Sources */,
			);
			runOnlyForDeploymentPostprocessing = 0;
		};
/* End PBXSourcesBuildPhase section */

/* Begin PBXTargetDependency section */
		9AEDC0AC2912E44A0096E1AF /* PBXTargetDependency */ = {
			isa = PBXTargetDependency;
			target = 9AEDC0942912E4480096E1AF /* Elevation-demo */;
			targetProxy = 9AEDC0AB2912E44A0096E1AF /* PBXContainerItemProxy */;
		};
		9AEDC0B62912E44A0096E1AF /* PBXTargetDependency */ = {
			isa = PBXTargetDependency;
			target = 9AEDC0942912E4480096E1AF /* Elevation-demo */;
			targetProxy = 9AEDC0B52912E44A0096E1AF /* PBXContainerItemProxy */;
		};
/* End PBXTargetDependency section */

/* Begin PBXVariantGroup section */
		9AEDC09E2912E4480096E1AF /* Main.storyboard */ = {
			isa = PBXVariantGroup;
			children = (
				9AEDC09F2912E4480096E1AF /* Base */,
			);
			name = Main.storyboard;
			sourceTree = "<group>";
		};
		9AEDC0A32912E44A0096E1AF /* LaunchScreen.storyboard */ = {
			isa = PBXVariantGroup;
			children = (
				9AEDC0A42912E44A0096E1AF /* Base */,
			);
			name = LaunchScreen.storyboard;
			sourceTree = "<group>";
		};
/* End PBXVariantGroup section */

/* Begin XCBuildConfiguration section */
		9AEDC0BC2912E44A0096E1AF /* Debug */ = {
			isa = XCBuildConfiguration;
			buildSettings = {
				ALWAYS_SEARCH_USER_PATHS = NO;
				CLANG_ANALYZER_NONNULL = YES;
				CLANG_ANALYZER_NUMBER_OBJECT_CONVERSION = YES_AGGRESSIVE;
				CLANG_CXX_LANGUAGE_STANDARD = "gnu++20";
				CLANG_ENABLE_MODULES = YES;
				CLANG_ENABLE_OBJC_ARC = YES;
				CLANG_ENABLE_OBJC_WEAK = YES;
				CLANG_WARN_BLOCK_CAPTURE_AUTORELEASING = YES;
				CLANG_WARN_BOOL_CONVERSION = YES;
				CLANG_WARN_COMMA = YES;
				CLANG_WARN_CONSTANT_CONVERSION = YES;
				CLANG_WARN_DEPRECATED_OBJC_IMPLEMENTATIONS = YES;
				CLANG_WARN_DIRECT_OBJC_ISA_USAGE = YES_ERROR;
				CLANG_WARN_DOCUMENTATION_COMMENTS = YES;
				CLANG_WARN_EMPTY_BODY = YES;
				CLANG_WARN_ENUM_CONVERSION = YES;
				CLANG_WARN_INFINITE_RECURSION = YES;
				CLANG_WARN_INT_CONVERSION = YES;
				CLANG_WARN_NON_LITERAL_NULL_CONVERSION = YES;
				CLANG_WARN_OBJC_IMPLICIT_RETAIN_SELF = YES;
				CLANG_WARN_OBJC_LITERAL_CONVERSION = YES;
				CLANG_WARN_OBJC_ROOT_CLASS = YES_ERROR;
				CLANG_WARN_QUOTED_INCLUDE_IN_FRAMEWORK_HEADER = YES;
				CLANG_WARN_RANGE_LOOP_ANALYSIS = YES;
				CLANG_WARN_STRICT_PROTOTYPES = YES;
				CLANG_WARN_SUSPICIOUS_MOVE = YES;
				CLANG_WARN_UNGUARDED_AVAILABILITY = YES_AGGRESSIVE;
				CLANG_WARN_UNREACHABLE_CODE = YES;
				CLANG_WARN__DUPLICATE_METHOD_MATCH = YES;
				COPY_PHASE_STRIP = NO;
				DEBUG_INFORMATION_FORMAT = dwarf;
				ENABLE_STRICT_OBJC_MSGSEND = YES;
				ENABLE_TESTABILITY = YES;
				GCC_C_LANGUAGE_STANDARD = gnu11;
				GCC_DYNAMIC_NO_PIC = NO;
				GCC_NO_COMMON_BLOCKS = YES;
				GCC_OPTIMIZATION_LEVEL = 0;
				GCC_PREPROCESSOR_DEFINITIONS = (
					"DEBUG=1",
					"$(inherited)",
				);
				GCC_WARN_64_TO_32_BIT_CONVERSION = YES;
				GCC_WARN_ABOUT_RETURN_TYPE = YES_ERROR;
				GCC_WARN_UNDECLARED_SELECTOR = YES;
				GCC_WARN_UNINITIALIZED_AUTOS = YES_AGGRESSIVE;
				GCC_WARN_UNUSED_FUNCTION = YES;
				GCC_WARN_UNUSED_VARIABLE = YES;
				IPHONEOS_DEPLOYMENT_TARGET = 16.0;
				MTL_ENABLE_DEBUG_INFO = INCLUDE_SOURCE;
				MTL_FAST_MATH = YES;
				ONLY_ACTIVE_ARCH = YES;
				SDKROOT = iphoneos;
				SWIFT_ACTIVE_COMPILATION_CONDITIONS = DEBUG;
				SWIFT_OPTIMIZATION_LEVEL = "-Onone";
			};
			name = Debug;
		};
		9AEDC0BD2912E44A0096E1AF /* Release */ = {
			isa = XCBuildConfiguration;
			buildSettings = {
				ALWAYS_SEARCH_USER_PATHS = NO;
				CLANG_ANALYZER_NONNULL = YES;
				CLANG_ANALYZER_NUMBER_OBJECT_CONVERSION = YES_AGGRESSIVE;
				CLANG_CXX_LANGUAGE_STANDARD = "gnu++20";
				CLANG_ENABLE_MODULES = YES;
				CLANG_ENABLE_OBJC_ARC = YES;
				CLANG_ENABLE_OBJC_WEAK = YES;
				CLANG_WARN_BLOCK_CAPTURE_AUTORELEASING = YES;
				CLANG_WARN_BOOL_CONVERSION = YES;
				CLANG_WARN_COMMA = YES;
				CLANG_WARN_CONSTANT_CONVERSION = YES;
				CLANG_WARN_DEPRECATED_OBJC_IMPLEMENTATIONS = YES;
				CLANG_WARN_DIRECT_OBJC_ISA_USAGE = YES_ERROR;
				CLANG_WARN_DOCUMENTATION_COMMENTS = YES;
				CLANG_WARN_EMPTY_BODY = YES;
				CLANG_WARN_ENUM_CONVERSION = YES;
				CLANG_WARN_INFINITE_RECURSION = YES;
				CLANG_WARN_INT_CONVERSION = YES;
				CLANG_WARN_NON_LITERAL_NULL_CONVERSION = YES;
				CLANG_WARN_OBJC_IMPLICIT_RETAIN_SELF = YES;
				CLANG_WARN_OBJC_LITERAL_CONVERSION = YES;
				CLANG_WARN_OBJC_ROOT_CLASS = YES_ERROR;
				CLANG_WARN_QUOTED_INCLUDE_IN_FRAMEWORK_HEADER = YES;
				CLANG_WARN_RANGE_LOOP_ANALYSIS = YES;
				CLANG_WARN_STRICT_PROTOTYPES = YES;
				CLANG_WARN_SUSPICIOUS_MOVE = YES;
				CLANG_WARN_UNGUARDED_AVAILABILITY = YES_AGGRESSIVE;
				CLANG_WARN_UNREACHABLE_CODE = YES;
				CLANG_WARN__DUPLICATE_METHOD_MATCH = YES;
				COPY_PHASE_STRIP = NO;
				DEBUG_INFORMATION_FORMAT = "dwarf-with-dsym";
				ENABLE_NS_ASSERTIONS = NO;
				ENABLE_STRICT_OBJC_MSGSEND = YES;
				GCC_C_LANGUAGE_STANDARD = gnu11;
				GCC_NO_COMMON_BLOCKS = YES;
				GCC_WARN_64_TO_32_BIT_CONVERSION = YES;
				GCC_WARN_ABOUT_RETURN_TYPE = YES_ERROR;
				GCC_WARN_UNDECLARED_SELECTOR = YES;
				GCC_WARN_UNINITIALIZED_AUTOS = YES_AGGRESSIVE;
				GCC_WARN_UNUSED_FUNCTION = YES;
				GCC_WARN_UNUSED_VARIABLE = YES;
				IPHONEOS_DEPLOYMENT_TARGET = 16.0;
				MTL_ENABLE_DEBUG_INFO = NO;
				MTL_FAST_MATH = YES;
				SDKROOT = iphoneos;
				SWIFT_COMPILATION_MODE = wholemodule;
				SWIFT_OPTIMIZATION_LEVEL = "-O";
				VALIDATE_PRODUCT = YES;
			};
			name = Release;
		};
		9AEDC0BF2912E44A0096E1AF /* Debug */ = {
			isa = XCBuildConfiguration;
			baseConfigurationReference = 9BB3D3D99262393894C1CC6C /* Pods-app-demo.debug.xcconfig */;
			buildSettings = {
				ASSETCATALOG_COMPILER_APPICON_NAME = AppIcon;
				ASSETCATALOG_COMPILER_GLOBAL_ACCENT_COLOR_NAME = AccentColor;
				CODE_SIGN_STYLE = Automatic;
				CURRENT_PROJECT_VERSION = 1;
				DEVELOPMENT_TEAM = 9AGPJN5JLR;
				GENERATE_INFOPLIST_FILE = YES;
				INFOPLIST_KEY_NSCameraUsageDescription = "";
				INFOPLIST_KEY_NSLocationAlwaysAndWhenInUseUsageDescription = "";
				INFOPLIST_KEY_NSLocationWhenInUseUsageDescription = "";
				INFOPLIST_KEY_UIApplicationSupportsIndirectInputEvents = YES;
				INFOPLIST_KEY_UILaunchStoryboardName = LaunchScreen;
				INFOPLIST_KEY_UIMainStoryboardFile = Main;
				INFOPLIST_KEY_UIRequiredDeviceCapabilities = arkit;
				INFOPLIST_KEY_UIStatusBarHidden = YES;
				INFOPLIST_KEY_UISupportedInterfaceOrientations_iPad = "UIInterfaceOrientationPortrait UIInterfaceOrientationPortraitUpsideDown UIInterfaceOrientationLandscapeLeft UIInterfaceOrientationLandscapeRight";
				INFOPLIST_KEY_UISupportedInterfaceOrientations_iPhone = "UIInterfaceOrientationPortrait UIInterfaceOrientationLandscapeLeft UIInterfaceOrientationLandscapeRight";
				LD_RUNPATH_SEARCH_PATHS = (
					"$(inherited)",
					"@executable_path/Frameworks",
				);
				MARKETING_VERSION = 1.0;
				PRODUCT_BUNDLE_IDENTIFIER = "com.HoloDaYe.app-demo";
				PRODUCT_NAME = "$(TARGET_NAME)";
				SWIFT_EMIT_LOC_STRINGS = YES;
				SWIFT_VERSION = 5.0;
				TARGETED_DEVICE_FAMILY = "1,2";
			};
			name = Debug;
		};
		9AEDC0C02912E44A0096E1AF /* Release */ = {
			isa = XCBuildConfiguration;
			baseConfigurationReference = 85E0AA94BED27283C9F5DEF0 /* Pods-app-demo.release.xcconfig */;
			buildSettings = {
				ASSETCATALOG_COMPILER_APPICON_NAME = AppIcon;
				ASSETCATALOG_COMPILER_GLOBAL_ACCENT_COLOR_NAME = AccentColor;
				CODE_SIGN_STYLE = Automatic;
				CURRENT_PROJECT_VERSION = 1;
				DEVELOPMENT_TEAM = 9AGPJN5JLR;
				GENERATE_INFOPLIST_FILE = YES;
				INFOPLIST_KEY_NSCameraUsageDescription = "";
				INFOPLIST_KEY_NSLocationAlwaysAndWhenInUseUsageDescription = "";
				INFOPLIST_KEY_NSLocationWhenInUseUsageDescription = "";
				INFOPLIST_KEY_UIApplicationSupportsIndirectInputEvents = YES;
				INFOPLIST_KEY_UILaunchStoryboardName = LaunchScreen;
				INFOPLIST_KEY_UIMainStoryboardFile = Main;
				INFOPLIST_KEY_UIRequiredDeviceCapabilities = arkit;
				INFOPLIST_KEY_UIStatusBarHidden = YES;
				INFOPLIST_KEY_UISupportedInterfaceOrientations_iPad = "UIInterfaceOrientationPortrait UIInterfaceOrientationPortraitUpsideDown UIInterfaceOrientationLandscapeLeft UIInterfaceOrientationLandscapeRight";
				INFOPLIST_KEY_UISupportedInterfaceOrientations_iPhone = "UIInterfaceOrientationPortrait UIInterfaceOrientationLandscapeLeft UIInterfaceOrientationLandscapeRight";
				LD_RUNPATH_SEARCH_PATHS = (
					"$(inherited)",
					"@executable_path/Frameworks",
				);
				MARKETING_VERSION = 1.0;
				PRODUCT_BUNDLE_IDENTIFIER = "com.HoloDaYe.app-demo";
				PRODUCT_NAME = "$(TARGET_NAME)";
				SWIFT_EMIT_LOC_STRINGS = YES;
				SWIFT_VERSION = 5.0;
				TARGETED_DEVICE_FAMILY = "1,2";
			};
			name = Release;
		};
		9AEDC0C22912E44A0096E1AF /* Debug */ = {
			isa = XCBuildConfiguration;
			buildSettings = {
				ALWAYS_EMBED_SWIFT_STANDARD_LIBRARIES = YES;
				BUNDLE_LOADER = "$(TEST_HOST)";
				CODE_SIGN_STYLE = Automatic;
				CURRENT_PROJECT_VERSION = 1;
				DEVELOPMENT_TEAM = 9AGPJN5JLR;
				GENERATE_INFOPLIST_FILE = YES;
				IPHONEOS_DEPLOYMENT_TARGET = 16.0;
				MARKETING_VERSION = 1.0;
				PRODUCT_BUNDLE_IDENTIFIER = "com.HoloDaYe.app-demoTests";
				PRODUCT_NAME = "$(TARGET_NAME)";
				SWIFT_EMIT_LOC_STRINGS = NO;
				SWIFT_VERSION = 5.0;
				TARGETED_DEVICE_FAMILY = "1,2";
				TEST_HOST = "$(BUILT_PRODUCTS_DIR)/Elevation-demo.app/$(BUNDLE_EXECUTABLE_FOLDER_PATH)/Elevation-demo";
			};
			name = Debug;
		};
		9AEDC0C32912E44A0096E1AF /* Release */ = {
			isa = XCBuildConfiguration;
			buildSettings = {
				ALWAYS_EMBED_SWIFT_STANDARD_LIBRARIES = YES;
				BUNDLE_LOADER = "$(TEST_HOST)";
				CODE_SIGN_STYLE = Automatic;
				CURRENT_PROJECT_VERSION = 1;
				DEVELOPMENT_TEAM = 9AGPJN5JLR;
				GENERATE_INFOPLIST_FILE = YES;
				IPHONEOS_DEPLOYMENT_TARGET = 16.0;
				MARKETING_VERSION = 1.0;
				PRODUCT_BUNDLE_IDENTIFIER = "com.HoloDaYe.app-demoTests";
				PRODUCT_NAME = "$(TARGET_NAME)";
				SWIFT_EMIT_LOC_STRINGS = NO;
				SWIFT_VERSION = 5.0;
				TARGETED_DEVICE_FAMILY = "1,2";
				TEST_HOST = "$(BUILT_PRODUCTS_DIR)/Elevation-demo.app/$(BUNDLE_EXECUTABLE_FOLDER_PATH)/Elevation-demo";
			};
			name = Release;
		};
		9AEDC0C52912E44A0096E1AF /* Debug */ = {
			isa = XCBuildConfiguration;
			buildSettings = {
				ALWAYS_EMBED_SWIFT_STANDARD_LIBRARIES = YES;
				CODE_SIGN_STYLE = Automatic;
				CURRENT_PROJECT_VERSION = 1;
				DEVELOPMENT_TEAM = 9AGPJN5JLR;
				GENERATE_INFOPLIST_FILE = YES;
				MARKETING_VERSION = 1.0;
				PRODUCT_BUNDLE_IDENTIFIER = "com.HoloDaYe.app-demoUITests";
				PRODUCT_NAME = "$(TARGET_NAME)";
				SWIFT_EMIT_LOC_STRINGS = NO;
				SWIFT_VERSION = 5.0;
				TARGETED_DEVICE_FAMILY = "1,2";
				TEST_TARGET_NAME = "app-demo";
			};
			name = Debug;
		};
		9AEDC0C62912E44A0096E1AF /* Release */ = {
			isa = XCBuildConfiguration;
			buildSettings = {
				ALWAYS_EMBED_SWIFT_STANDARD_LIBRARIES = YES;
				CODE_SIGN_STYLE = Automatic;
				CURRENT_PROJECT_VERSION = 1;
				DEVELOPMENT_TEAM = 9AGPJN5JLR;
				GENERATE_INFOPLIST_FILE = YES;
				MARKETING_VERSION = 1.0;
				PRODUCT_BUNDLE_IDENTIFIER = "com.HoloDaYe.app-demoUITests";
				PRODUCT_NAME = "$(TARGET_NAME)";
				SWIFT_EMIT_LOC_STRINGS = NO;
				SWIFT_VERSION = 5.0;
				TARGETED_DEVICE_FAMILY = "1,2";
				TEST_TARGET_NAME = "app-demo";
			};
			name = Release;
		};
/* End XCBuildConfiguration section */

/* Begin XCConfigurationList section */
		9AEDC0902912E4480096E1AF /* Build configuration list for PBXProject "Elevation-demo" */ = {
			isa = XCConfigurationList;
			buildConfigurations = (
				9AEDC0BC2912E44A0096E1AF /* Debug */,
				9AEDC0BD2912E44A0096E1AF /* Release */,
			);
			defaultConfigurationIsVisible = 0;
			defaultConfigurationName = Release;
		};
		9AEDC0BE2912E44A0096E1AF /* Build configuration list for PBXNativeTarget "Elevation-demo" */ = {
			isa = XCConfigurationList;
			buildConfigurations = (
				9AEDC0BF2912E44A0096E1AF /* Debug */,
				9AEDC0C02912E44A0096E1AF /* Release */,
			);
			defaultConfigurationIsVisible = 0;
			defaultConfigurationName = Release;
		};
		9AEDC0C12912E44A0096E1AF /* Build configuration list for PBXNativeTarget "Elevation-demoTests" */ = {
			isa = XCConfigurationList;
			buildConfigurations = (
				9AEDC0C22912E44A0096E1AF /* Debug */,
				9AEDC0C32912E44A0096E1AF /* Release */,
			);
			defaultConfigurationIsVisible = 0;
			defaultConfigurationName = Release;
		};
		9AEDC0C42912E44A0096E1AF /* Build configuration list for PBXNativeTarget "Elevation-demoUITests" */ = {
			isa = XCConfigurationList;
			buildConfigurations = (
				9AEDC0C52912E44A0096E1AF /* Debug */,
				9AEDC0C62912E44A0096E1AF /* Release */,
			);
			defaultConfigurationIsVisible = 0;
			defaultConfigurationName = Release;
		};
/* End XCConfigurationList section */
	};
	rootObject = 9AEDC08D2912E4480096E1AF /* Project object */;
}
